// !$*UTF8*$!
{
	archiveVersion = 1;
	classes = {
	};
	objectVersion = 46;
	objects = {

/* Begin PBXBuildFile section */
		462935A81F3AAF3D005A5020 /* AppDelegate.swift in Sources */ = {isa = PBXBuildFile; fileRef = 462935A71F3AAF3D005A5020 /* AppDelegate.swift */; };
		462935AA1F3AAF3D005A5020 /* QuizViewController.swift in Sources */ = {isa = PBXBuildFile; fileRef = 462935A91F3AAF3D005A5020 /* QuizViewController.swift */; };
		462935AD1F3AAF3D005A5020 /* Main.storyboard in Resources */ = {isa = PBXBuildFile; fileRef = 462935AB1F3AAF3D005A5020 /* Main.storyboard */; };
		462935AF1F3AAF3D005A5020 /* Assets.xcassets in Resources */ = {isa = PBXBuildFile; fileRef = 462935AE1F3AAF3D005A5020 /* Assets.xcassets */; };
		462935B21F3AAF3D005A5020 /* LaunchScreen.storyboard in Resources */ = {isa = PBXBuildFile; fileRef = 462935B01F3AAF3D005A5020 /* LaunchScreen.storyboard */; };
		462935BA1F3AB112005A5020 /* SettingsViewController.swift in Sources */ = {isa = PBXBuildFile; fileRef = 462935B91F3AB112005A5020 /* SettingsViewController.swift */; };
		462935BC1F3AB159005A5020 /* ListViewController.swift in Sources */ = {isa = PBXBuildFile; fileRef = 462935BB1F3AB159005A5020 /* ListViewController.swift */; };
		46EE15561F3ABA2400A8B3E4 /* ListTableViewCell.swift in Sources */ = {isa = PBXBuildFile; fileRef = 46EE15551F3ABA2400A8B3E4 /* ListTableViewCell.swift */; };
/* End PBXBuildFile section */

/* Begin PBXFileReference section */
		462935A41F3AAF3D005A5020 /* ListQuiz.app */ = {isa = PBXFileReference; explicitFileType = wrapper.application; includeInIndex = 0; path = ListQuiz.app; sourceTree = BUILT_PRODUCTS_DIR; };
		462935A71F3AAF3D005A5020 /* AppDelegate.swift */ = {isa = PBXFileReference; lastKnownFileType = sourcecode.swift; path = AppDelegate.swift; sourceTree = "<group>"; };
		462935A91F3AAF3D005A5020 /* QuizViewController.swift */ = {isa = PBXFileReference; lastKnownFileType = sourcecode.swift; path = QuizViewController.swift; sourceTree = "<group>"; };
		462935AC1F3AAF3D005A5020 /* Base */ = {isa = PBXFileReference; lastKnownFileType = file.storyboard; name = Base; path = Base.lproj/Main.storyboard; sourceTree = "<group>"; };
		462935AE1F3AAF3D005A5020 /* Assets.xcassets */ = {isa = PBXFileReference; lastKnownFileType = folder.assetcatalog; path = Assets.xcassets; sourceTree = "<group>"; };
		462935B11F3AAF3D005A5020 /* Base */ = {isa = PBXFileReference; lastKnownFileType = file.storyboard; name = Base; path = Base.lproj/LaunchScreen.storyboard; sourceTree = "<group>"; };
		462935B31F3AAF3D005A5020 /* Info.plist */ = {isa = PBXFileReference; lastKnownFileType = text.plist.xml; path = Info.plist; sourceTree = "<group>"; };
		462935B91F3AB112005A5020 /* SettingsViewController.swift */ = {isa = PBXFileReference; fileEncoding = 4; lastKnownFileType = sourcecode.swift; path = SettingsViewController.swift; sourceTree = "<group>"; };
		462935BB1F3AB159005A5020 /* ListViewController.swift */ = {isa = PBXFileReference; fileEncoding = 4; lastKnownFileType = sourcecode.swift; path = ListViewController.swift; sourceTree = "<group>"; };
		46EE15551F3ABA2400A8B3E4 /* ListTableViewCell.swift */ = {isa = PBXFileReference; lastKnownFileType = sourcecode.swift; path = ListTableViewCell.swift; sourceTree = "<group>"; };
/* End PBXFileReference section */

/* Begin PBXFrameworksBuildPhase section */
		462935A11F3AAF3D005A5020 /* Frameworks */ = {
			isa = PBXFrameworksBuildPhase;
			buildActionMask = 2147483647;
			files = (
			);
			runOnlyForDeploymentPostprocessing = 0;
		};
/* End PBXFrameworksBuildPhase section */

/* Begin PBXGroup section */
		4629359B1F3AAF3D005A5020 = {
			isa = PBXGroup;
			children = (
				462935A61F3AAF3D005A5020 /* ListQuiz */,
				462935A51F3AAF3D005A5020 /* Products */,
			);
			sourceTree = "<group>";
		};
		462935A51F3AAF3D005A5020 /* Products */ = {
			isa = PBXGroup;
			children = (
				462935A41F3AAF3D005A5020 /* ListQuiz.app */,
			);
			name = Products;
			sourceTree = "<group>";
		};
		462935A61F3AAF3D005A5020 /* ListQuiz */ = {
			isa = PBXGroup;
			children = (
				462935A71F3AAF3D005A5020 /* AppDelegate.swift */,
				462935A91F3AAF3D005A5020 /* QuizViewController.swift */,
				462935B91F3AB112005A5020 /* SettingsViewController.swift */,
				462935BB1F3AB159005A5020 /* ListViewController.swift */,
				46EE15551F3ABA2400A8B3E4 /* ListTableViewCell.swift */,
				462935AB1F3AAF3D005A5020 /* Main.storyboard */,
				462935AE1F3AAF3D005A5020 /* Assets.xcassets */,
				462935B01F3AAF3D005A5020 /* LaunchScreen.storyboard */,
				462935B31F3AAF3D005A5020 /* Info.plist */,
			);
			path = ListQuiz;
			sourceTree = "<group>";
		};
/* End PBXGroup section */

/* Begin PBXNativeTarget section */
		462935A31F3AAF3D005A5020 /* ListQuiz */ = {
			isa = PBXNativeTarget;
			buildConfigurationList = 462935B61F3AAF3D005A5020 /* Build configuration list for PBXNativeTarget "ListQuiz" */;
			buildPhases = (
				462935A01F3AAF3D005A5020 /* Sources */,
				462935A11F3AAF3D005A5020 /* Frameworks */,
				462935A21F3AAF3D005A5020 /* Resources */,
			);
			buildRules = (
			);
			dependencies = (
			);
			name = ListQuiz;
			productName = ListQuiz;
			productReference = 462935A41F3AAF3D005A5020 /* ListQuiz.app */;
			productType = "com.apple.product-type.application";
		};
/* End PBXNativeTarget section */

/* Begin PBXProject section */
		4629359C1F3AAF3D005A5020 /* Project object */ = {
			isa = PBXProject;
			attributes = {
				LastSwiftUpdateCheck = 0830;
				LastUpgradeCheck = 0830;
				ORGANIZATIONNAME = "Ontario Britton";
				TargetAttributes = {
					462935A31F3AAF3D005A5020 = {
						CreatedOnToolsVersion = 8.3.3;
						DevelopmentTeam = HQV59TB84E;
						ProvisioningStyle = Automatic;
					};
				};
			};
			buildConfigurationList = 4629359F1F3AAF3D005A5020 /* Build configuration list for PBXProject "ListQuiz" */;
			compatibilityVersion = "Xcode 3.2";
			developmentRegion = English;
			hasScannedForEncodings = 0;
			knownRegions = (
				en,
				Base,
			);
			mainGroup = 4629359B1F3AAF3D005A5020;
			productRefGroup = 462935A51F3AAF3D005A5020 /* Products */;
			projectDirPath = "";
			projectRoot = "";
			targets = (
				462935A31F3AAF3D005A5020 /* ListQuiz */,
			);
		};
/* End PBXProject section */

/* Begin PBXResourcesBuildPhase section */
		462935A21F3AAF3D005A5020 /* Resources */ = {
			isa = PBXResourcesBuildPhase;
			buildActionMask = 2147483647;
			files = (
				462935B21F3AAF3D005A5020 /* LaunchScreen.storyboard in Resources */,
				462935AF1F3AAF3D005A5020 /* Assets.xcassets in Resources */,
				462935AD1F3AAF3D005A5020 /* Main.storyboard in Resources */,
			);
			runOnlyForDeploymentPostprocessing = 0;
		};
/* End PBXResourcesBuildPhase section */

/* Begin PBXSourcesBuildPhase section */
		462935A01F3AAF3D005A5020 /* Sources */ = {
			isa = PBXSourcesBuildPhase;
			buildActionMask = 2147483647;
			files = (
				462935AA1F3AAF3D005A5020 /* QuizViewController.swift in Sources */,
				462935A81F3AAF3D005A5020 /* AppDelegate.swift in Sources */,
				462935BC1F3AB159005A5020 /* ListViewController.swift in Sources */,
				462935BA1F3AB112005A5020 /* SettingsViewController.swift in Sources */,
				46EE15561F3ABA2400A8B3E4 /* ListTableViewCell.swift in Sources */,
			);
			runOnlyForDeploymentPostprocessing = 0;
		};
/* End PBXSourcesBuildPhase section */

/* Begin PBXVariantGroup section */
		462935AB1F3AAF3D005A5020 /* Main.storyboard */ = {
			isa = PBXVariantGroup;
			children = (
				462935AC1F3AAF3D005A5020 /* Base */,
			);
			name = Main.storyboard;
			sourceTree = "<group>";
		};
		462935B01F3AAF3D005A5020 /* LaunchScreen.storyboard */ = {
			isa = PBXVariantGroup;
			children = (
				462935B11F3AAF3D005A5020 /* Base */,
			);
			name = LaunchScreen.storyboard;
			sourceTree = "<group>";
		};
/* End PBXVariantGroup section */

/* Begin XCBuildConfiguration section */
		462935B41F3AAF3D005A5020 /* Debug */ = {
			isa = XCBuildConfiguration;
			buildSettings = {
				ALWAYS_SEARCH_USER_PATHS = NO;
				CLANG_ANALYZER_NONNULL = YES;
				CLANG_ANALYZER_NUMBER_OBJECT_CONVERSION = YES_AGGRESSIVE;
				CLANG_CXX_LANGUAGE_STANDARD = "gnu++0x";
				CLANG_CXX_LIBRARY = "libc++";
				CLANG_ENABLE_MODULES = YES;
				CLANG_ENABLE_OBJC_ARC = YES;
				CLANG_WARN_BOOL_CONVERSION = YES;
				CLANG_WARN_CONSTANT_CONVERSION = YES;
				CLANG_WARN_DIRECT_OBJC_ISA_USAGE = YES_ERROR;
				CLANG_WARN_DOCUMENTATION_COMMENTS = YES;
				CLANG_WARN_EMPTY_BODY = YES;
				CLANG_WARN_ENUM_CONVERSION = YES;
				CLANG_WARN_INFINITE_RECURSION = YES;
				CLANG_WARN_INT_CONVERSION = YES;
				CLANG_WARN_OBJC_ROOT_CLASS = YES_ERROR;
				CLANG_WARN_SUSPICIOUS_MOVE = YES;
				CLANG_WARN_UNREACHABLE_CODE = YES;
				CLANG_WARN__DUPLICATE_METHOD_MATCH = YES;
				"CODE_SIGN_IDENTITY[sdk=iphoneos*]" = "iPhone Developer";
				COPY_PHASE_STRIP = NO;
				DEBUG_INFORMATION_FORMAT = dwarf;
				ENABLE_STRICT_OBJC_MSGSEND = YES;
				ENABLE_TESTABILITY = YES;
				GCC_C_LANGUAGE_STANDARD = gnu99;
				GCC_DYNAMIC_NO_PIC = NO;
				GCC_NO_COMMON_BLOCKS = YES;
				GCC_OPTIMIZATION_LEVEL = 0;
				GCC_PREPROCESSOR_DEFINITIONS = (
					"DEBUG=1",
					"$(inherited)",
				);
				GCC_WARN_64_TO_32_BIT_CONVERSION = YES;
				GCC_WARN_ABOUT_RETURN_TYPE = YES_ERROR;
				GCC_WARN_UNDECLARED_SELECTOR = YES;
				GCC_WARN_UNINITIALIZED_AUTOS = YES_AGGRESSIVE;
				GCC_WARN_UNUSED_FUNCTION = YES;
				GCC_WARN_UNUSED_VARIABLE = YES;
				IPHONEOS_DEPLOYMENT_TARGET = 10.3;
				MTL_ENABLE_DEBUG_INFO = YES;
				ONLY_ACTIVE_ARCH = YES;
				SDKROOT = iphoneos;
				SWIFT_ACTIVE_COMPILATION_CONDITIONS = DEBUG;
				SWIFT_OPTIMIZATION_LEVEL = "-Onone";
			};
			name = Debug;
		};
		462935B51F3AAF3D005A5020 /* Release */ = {
			isa = XCBuildConfiguration;
			buildSettings = {
				ALWAYS_SEARCH_USER_PATHS = NO;
				CLANG_ANALYZER_NONNULL = YES;
				CLANG_ANALYZER_NUMBER_OBJECT_CONVERSION = YES_AGGRESSIVE;
				CLANG_CXX_LANGUAGE_STANDARD = "gnu++0x";
				CLANG_CXX_LIBRARY = "libc++";
				CLANG_ENABLE_MODULES = YES;
				CLANG_ENABLE_OBJC_ARC = YES;
				CLANG_WARN_BOOL_CONVERSION = YES;
				CLANG_WARN_CONSTANT_CONVERSION = YES;
				CLANG_WARN_DIRECT_OBJC_ISA_USAGE = YES_ERROR;
				CLANG_WARN_DOCUMENTATION_COMMENTS = YES;
				CLANG_WARN_EMPTY_BODY = YES;
				CLANG_WARN_ENUM_CONVERSION = YES;
				CLANG_WARN_INFINITE_RECURSION = YES;
				CLANG_WARN_INT_CONVERSION = YES;
				CLANG_WARN_OBJC_ROOT_CLASS = YES_ERROR;
				CLANG_WARN_SUSPICIOUS_MOVE = YES;
				CLANG_WARN_UNREACHABLE_CODE = YES;
				CLANG_WARN__DUPLICATE_METHOD_MATCH = YES;
				"CODE_SIGN_IDENTITY[sdk=iphoneos*]" = "iPhone Developer";
				COPY_PHASE_STRIP = NO;
				DEBUG_INFORMATION_FORMAT = "dwarf-with-dsym";
				ENABLE_NS_ASSERTIONS = NO;
				ENABLE_STRICT_OBJC_MSGSEND = YES;
				GCC_C_LANGUAGE_STANDARD = gnu99;
				GCC_NO_COMMON_BLOCKS = YES;
				GCC_WARN_64_TO_32_BIT_CONVERSION = YES;
				GCC_WARN_ABOUT_RETURN_TYPE = YES_ERROR;
				GCC_WARN_UNDECLARED_SELECTOR = YES;
				GCC_WARN_UNINITIALIZED_AUTOS = YES_AGGRESSIVE;
				GCC_WARN_UNUSED_FUNCTION = YES;
				GCC_WARN_UNUSED_VARIABLE = YES;
				IPHONEOS_DEPLOYMENT_TARGET = 10.3;
				MTL_ENABLE_DEBUG_INFO = NO;
				SDKROOT = iphoneos;
				SWIFT_OPTIMIZATION_LEVEL = "-Owholemodule";
				VALIDATE_PRODUCT = YES;
			};
			name = Release;
		};
		462935B71F3AAF3D005A5020 /* Debug */ = {
			isa = XCBuildConfiguration;
			buildSettings = {
				ASSETCATALOG_COMPILER_APPICON_NAME = AppIcon;
				DEVELOPMENT_TEAM = HQV59TB84E;
				INFOPLIST_FILE = ListQuiz/Info.plist;
				LD_RUNPATH_SEARCH_PATHS = "$(inherited) @executable_path/Frameworks";
				PRODUCT_BUNDLE_IDENTIFIER = com.peppergumgames.ListQuiz;
				PRODUCT_NAME = "$(TARGET_NAME)";
				SWIFT_VERSION = 3.0;
			};
			name = Debug;
		};
		462935B81F3AAF3D005A5020 /* Release */ = {
			isa = XCBuildConfiguration;
			buildSettings = {
				ASSETCATALOG_COMPILER_APPICON_NAME = AppIcon;
				DEVELOPMENT_TEAM = HQV59TB84E;
				INFOPLIST_FILE = ListQuiz/Info.plist;
				LD_RUNPATH_SEARCH_PATHS = "$(inherited) @executable_path/Frameworks";
				PRODUCT_BUNDLE_IDENTIFIER = com.peppergumgames.ListQuiz;
				PRODUCT_NAME = "$(TARGET_NAME)";
				SWIFT_VERSION = 3.0;
			};
			name = Release;
		};
/* End XCBuildConfiguration section */

/* Begin XCConfigurationList section */
		4629359F1F3AAF3D005A5020 /* Build configuration list for PBXProject "ListQuiz" */ = {
			isa = XCConfigurationList;
			buildConfigurations = (
				462935B41F3AAF3D005A5020 /* Debug */,
				462935B51F3AAF3D005A5020 /* Release */,
			);
			defaultConfigurationIsVisible = 0;
			defaultConfigurationName = Release;
		};
		462935B61F3AAF3D005A5020 /* Build configuration list for PBXNativeTarget "ListQuiz" */ = {
			isa = XCConfigurationList;
			buildConfigurations = (
				462935B71F3AAF3D005A5020 /* Debug */,
				462935B81F3AAF3D005A5020 /* Release */,
			);
			defaultConfigurationIsVisible = 0;
			defaultConfigurationName = Release;
		};
/* End XCConfigurationList section */
	};
	rootObject = 4629359C1F3AAF3D005A5020 /* Project object */;
}
